
Microsoft Visual Studio Solution File, Format Version 12.00
# Visual Studio Version 16
VisualStudioVersion = 16.0.30309.148
MinimumVisualStudioVersion = 10.0.40219.1
Project("{9A19103F-16F7-4668-BE54-9A1E7A4F7556}") = "ListenerService", "ListenerService\ListenerService.csproj", "{5B3121D6-7504-46CF-84C3-A8D9374C5109}"
EndProject
Project("{9A19103F-16F7-4668-BE54-9A1E7A4F7556}") = "WebApi", "WebApi\WebApi.csproj", "{AE397998-64A6-45C1-9B54-F1C49AE5B2FB}"
EndProject
Project("{2150E333-8FDC-42A3-9474-1A3956D46DE8}") = "Solution Items", "Solution Items", "{357EDED1-0B32-4EF5-919F-3D6EFFDBF784}"
	ProjectSection(SolutionItems) = preProject
		.dockerignore = .dockerignore
	EndProjectSection
EndProject
Project("{E53339B2-1760-4266-BCC7-CA923CBCF16C}") = "docker-compose", "docker-compose.dcproj", "{0DDEB631-DCD8-4499-AB3D-958971D0D385}"
EndProject
Global
	GlobalSection(SolutionConfigurationPlatforms) = preSolution
		Debug|Any CPU = Debug|Any CPU
		Release|Any CPU = Release|Any CPU
	EndGlobalSection
	GlobalSection(ProjectConfigurationPlatforms) = postSolution
		{5B3121D6-7504-46CF-84C3-A8D9374C5109}.Debug|Any CPU.ActiveCfg = Debug|Any CPU
		{5B3121D6-7504-46CF-84C3-A8D9374C5109}.Debug|Any CPU.Build.0 = Debug|Any CPU
		{5B3121D6-7504-46CF-84C3-A8D9374C5109}.Release|Any CPU.ActiveCfg = Release|Any CPU
		{5B3121D6-7504-46CF-84C3-A8D9374C5109}.Release|Any CPU.Build.0 = Release|Any CPU
		{AE397998-64A6-45C1-9B54-F1C49AE5B2FB}.Debug|Any CPU.ActiveCfg = Debug|Any CPU
		{AE397998-64A6-45C1-9B54-F1C49AE5B2FB}.Debug|Any CPU.Build.0 = Debug|Any CPU
		{AE397998-64A6-45C1-9B54-F1C49AE5B2FB}.Release|Any CPU.ActiveCfg = Release|Any CPU
		{AE397998-64A6-45C1-9B54-F1C49AE5B2FB}.Release|Any CPU.Build.0 = Release|Any CPU
		{0DDEB631-DCD8-4499-AB3D-958971D0D385}.Debug|Any CPU.ActiveCfg = Debug|Any CPU
		{0DDEB631-DCD8-4499-AB3D-958971D0D385}.Debug|Any CPU.Build.0 = Debug|Any CPU
		{0DDEB631-DCD8-4499-AB3D-958971D0D385}.Release|Any CPU.ActiveCfg = Release|Any CPU
		{0DDEB631-DCD8-4499-AB3D-958971D0D385}.Release|Any CPU.Build.0 = Release|Any CPU
	EndGlobalSection
	GlobalSection(SolutionProperties) = preSolution
		HideSolutionNode = FALSE
	EndGlobalSection
	GlobalSection(NestedProjects) = preSolution
		{0DDEB631-DCD8-4499-AB3D-958971D0D385} = {357EDED1-0B32-4EF5-919F-3D6EFFDBF784}
	EndGlobalSection
	GlobalSection(ExtensibilityGlobals) = postSolution
		SolutionGuid = {622EB50A-47B4-43C5-A718-BC09D8ABCC73}
	EndGlobalSection
EndGlobal
